
Microsoft Visual Studio Solution File, Format Version 12.00
# Visual Studio Version 17
VisualStudioVersion = 17.13.35825.156 d17.13
MinimumVisualStudioVersion = 10.0.40219.1
Project("{8BC9CEB8-8B4A-11D0-8D11-00A0C91BC942}") = "Solarsystem", "Solarsystem.vcxproj", "{AE78A63F-60FB-4C82-B228-475B0AD023C7}"
EndProject
Global
	GlobalSection(SolutionConfigurationPlatforms) = preSolution
		Debug|x64 = Debug|x64
		Debug|x86 = Debug|x86
		Release|x64 = Release|x64
		Release|x86 = Release|x86
	EndGlobalSection
	GlobalSection(ProjectConfigurationPlatforms) = postSolution
		{AE78A63F-60FB-4C82-B228-475B0AD023C7}.Debug|x64.ActiveCfg = Debug|x64
		{AE78A63F-60FB-4C82-B228-475B0AD023C7}.Debug|x64.Build.0 = Debug|x64
		{AE78A63F-60FB-4C82-B228-475B0AD023C7}.Debug|x86.ActiveCfg = Debug|Win32
		{AE78A63F-60FB-4C82-B228-475B0AD023C7}.Debug|x86.Build.0 = Debug|Win32
		{AE78A63F-60FB-4C82-B228-475B0AD023C7}.Release|x64.ActiveCfg = Release|x64
		{AE78A63F-60FB-4C82-B228-475B0AD023C7}.Release|x64.Build.0 = Release|x64
		{AE78A63F-60FB-4C82-B228-475B0AD023C7}.Release|x86.ActiveCfg = Release|Win32
		{AE78A63F-60FB-4C82-B228-475B0AD023C7}.Release|x86.Build.0 = Release|Win32
	EndGlobalSection
	GlobalSection(SolutionProperties) = preSolution
		HideSolutionNode = FALSE
	EndGlobalSection
	GlobalSection(ExtensibilityGlobals) = postSolution
		SolutionGuid = {DF39B2F2-61BA-4017-8885-D82F2C1DCFBE}
	EndGlobalSection
EndGlobal
